
Microsoft Visual Studio Solution File, Format Version 12.00
# Visual Studio 15
VisualStudioVersion = 15.0.28307.421
MinimumVisualStudioVersion = 10.0.40219.1
Project("{FAE04EC0-301F-11D3-BF4B-00C04F79EFBC}") = "min-scheduling", "min-scheduling\min-scheduling.csproj", "{4BBF7453-693C-4374-829B-76943AF1FB15}"
EndProject
Project("{FAE04EC0-301F-11D3-BF4B-00C04F79EFBC}") = "min-scheduling.Tests", "min-scheduling.Tests\min-scheduling.Tests.csproj", "{C3BA53D5-DC58-4F48-AB7D-4A8D2CCD9129}"
EndProject
Global
	GlobalSection(SolutionConfigurationPlatforms) = preSolution
		Debug|Any CPU = Debug|Any CPU
		Release|Any CPU = Release|Any CPU
	EndGlobalSection
	GlobalSection(ProjectConfigurationPlatforms) = postSolution
		{4BBF7453-693C-4374-829B-76943AF1FB15}.Debug|Any CPU.ActiveCfg = Debug|Any CPU
		{4BBF7453-693C-4374-829B-76943AF1FB15}.Debug|Any CPU.Build.0 = Debug|Any CPU
		{4BBF7453-693C-4374-829B-76943AF1FB15}.Release|Any CPU.ActiveCfg = Release|Any CPU
		{4BBF7453-693C-4374-829B-76943AF1FB15}.Release|Any CPU.Build.0 = Release|Any CPU
		{C3BA53D5-DC58-4F48-AB7D-4A8D2CCD9129}.Debug|Any CPU.ActiveCfg = Debug|Any CPU
		{C3BA53D5-DC58-4F48-AB7D-4A8D2CCD9129}.Debug|Any CPU.Build.0 = Debug|Any CPU
		{C3BA53D5-DC58-4F48-AB7D-4A8D2CCD9129}.Release|Any CPU.ActiveCfg = Release|Any CPU
		{C3BA53D5-DC58-4F48-AB7D-4A8D2CCD9129}.Release|Any CPU.Build.0 = Release|Any CPU
	EndGlobalSection
	GlobalSection(SolutionProperties) = preSolution
		HideSolutionNode = FALSE
	EndGlobalSection
	GlobalSection(ExtensibilityGlobals) = postSolution
		SolutionGuid = {B5B44CD1-3438-49E9-92EF-5666223B0339}
	EndGlobalSection
EndGlobal
